<?xml version="1.0" encoding="utf-8"?>
<Project ToolsVersion="4.0" xmlns="http://schemas.microsoft.com/developer/msbuild/2003">
  <ItemGroup>
    <Filter Include="Source Files">
      <UniqueIdentifier>{4FC737F1-C7A5-4376-A066-2A32D752A2FF}</UniqueIdentifier>
      <Extensions>qml;cpp;c;cc;cxx;def;odl;idl;hpj;bat;asm;asmx</Extensions>
    </Filter>
    <Filter Include="Header Files">
      <UniqueIdentifier>{93995380-89BD-4b04-88EB-625FBE52EBFB}</UniqueIdentifier>
      <Extensions>h;hh;hpp;hxx;hm;inl;inc;xsd</Extensions>
    </Filter>
    <Filter Include="Resource Files">
      <UniqueIdentifier>{67DA6AB6-F800-4c08-8B7A-83BB121AAD01}</UniqueIdentifier>
      <Extensions>qrc;rc;ico;cur;bmp;dlg;rc2;rct;bin;rgs;gif;jpg;jpeg;jpe;resx;tiff;tif;png;wav;mfcribbon-ms</Extensions>
    </Filter>
    <Filter Include="Form Files">
      <UniqueIdentifier>{99349809-55BA-4b9d-BF79-8FDBB0286EB3}</UniqueIdentifier>
      <Extensions>ui</Extensions>
    </Filter>
    <Filter Include="Translation Files">
      <UniqueIdentifier>{639EADAA-A684-42e4-A9AD-28FC9BCB8F7C}</UniqueIdentifier>
      <Extensions>ts</Extensions>
    </Filter>
    <Filter Include="Source Files\Vue">
      <UniqueIdentifier>{d85a83c7-049a-44d0-82d5-a2c84679b350}</UniqueIdentifier>
    </Filter>
    <Filter Include="Source Files\Model">
      <UniqueIdentifier>{34315fe6-6d7d-4dfb-a4b4-5dbf5e569e6c}</UniqueIdentifier>
    </Filter>
    <Filter Include="Source Files\Controller">
      <UniqueIdentifier>{e6f34d06-1ac6-415a-b3f5-e8b8290e1902}</UniqueIdentifier>
    </Filter>
    <Filter Include="Header Files\Model">
      <UniqueIdentifier>{fd3806f5-71fa-4f5f-b8af-9a8f936b7e09}</UniqueIdentifier>
    </Filter>
    <Filter Include="Header Files\Vue">
      <UniqueIdentifier>{ad044341-9f09-4023-814b-d2e7faa3c71f}</UniqueIdentifier>
    </Filter>
    <Filter Include="Header Files\Controller">
      <UniqueIdentifier>{3ff5be89-f9a1-4b33-a761-343dbd352de2}</UniqueIdentifier>
    </Filter>
  </ItemGroup>
  <ItemGroup>
    <QtRcc Include="gameCardgen.qrc">
      <Filter>Resource Files</Filter>
    </QtRcc>
    <QtUic Include="gameCardgen.ui">
      <Filter>Form Files</Filter>
    </QtUic>
  </ItemGroup>
  <ItemGroup>
    <ClCompile Include="main.cpp">
      <Filter>Source Files</Filter>
    </ClCompile>
    <ClCompile Include="gameCardgen.cpp">
      <Filter>Source Files\Vue</Filter>
    </ClCompile>
    <ClCompile Include="submitController.cpp">
      <Filter>Source Files\Controller</Filter>
    </ClCompile>
    <ClCompile Include="cards.cpp">
      <Filter>Source Files\Model</Filter>
    </ClCompile>
    <ClCompile Include="yugioh.cpp">
      <Filter>Source Files\Model</Filter>
    </ClCompile>
    <ClCompile Include="magic.cpp">
      <Filter>Source Files</Filter>
    </ClCompile>
  </ItemGroup>
  <ItemGroup>
    <QtMoc Include="gameCardgen.h">
      <Filter>Header Files\Vue</Filter>
    </QtMoc>
  </ItemGroup>
  <ItemGroup>
    <ClInclude Include="observable.h">
      <Filter>Header Files\Model</Filter>
    </ClInclude>
    <ClInclude Include="observer.h">
      <Filter>Header Files\Vue</Filter>
    </ClInclude>
    <ClInclude Include="abstractController.h">
      <Filter>Header Files\Controller</Filter>
    </ClInclude>
    <ClInclude Include="submitController.h">
      <Filter>Header Files\Controller</Filter>
    </ClInclude>
    <ClInclude Include="cards.h">
      <Filter>Header Files\Model</Filter>
    </ClInclude>
    <ClInclude Include="yugioh.h">
      <Filter>Header Files\Model</Filter>
    </ClInclude>
    <ClInclude Include="magic.h">
      <Filter>Header Files</Filter>
    </ClInclude>
    <ClInclude Include="types.h">
      <Filter>Header Files\Model</Filter>
    </ClInclude>
  </ItemGroup>
</Project>